
Microsoft Visual Studio Solution File, Format Version 12.00
# Visual Studio Version 16
VisualStudioVersion = 16.0.30621.155
MinimumVisualStudioVersion = 10.0.40219.1
Project("{FAE04EC0-301F-11D3-BF4B-00C04F79EFBC}") = "MediatorPattern", "MediatorPattern.csproj", "{A56E70FF-2D8A-4ABE-A7A5-2FA4AA601F50}"
EndProject
Global
	GlobalSection(SolutionConfigurationPlatforms) = preSolution
		Debug|Any CPU = Debug|Any CPU
		Release|Any CPU = Release|Any CPU
	EndGlobalSection
	GlobalSection(ProjectConfigurationPlatforms) = postSolution
		{A56E70FF-2D8A-4ABE-A7A5-2FA4AA601F50}.Debug|Any CPU.ActiveCfg = Debug|Any CPU
		{A56E70FF-2D8A-4ABE-A7A5-2FA4AA601F50}.Debug|Any CPU.Build.0 = Debug|Any CPU
		{A56E70FF-2D8A-4ABE-A7A5-2FA4AA601F50}.Release|Any CPU.ActiveCfg = Release|Any CPU
		{A56E70FF-2D8A-4ABE-A7A5-2FA4AA601F50}.Release|Any CPU.Build.0 = Release|Any CPU
	EndGlobalSection
	GlobalSection(SolutionProperties) = preSolution
		HideSolutionNode = FALSE
	EndGlobalSection
	GlobalSection(ExtensibilityGlobals) = postSolution
		SolutionGuid = {16F6AA6D-2378-4069-9811-C5E377A7D4F1}
	EndGlobalSection
EndGlobal
